
Microsoft Visual Studio Solution File, Format Version 11.00
# Visual Studio 2010
# SharpDevelop 5.1
Project("{FAE04EC0-301F-11D3-BF4B-00C04F79EFBC}") = "NagelSchreckenberg", "NagelSchreckenberg.csproj", "{1F99FE32-E181-48D8-81BE-6A1FA4BE9C6C}"
EndProject
Project("{FAE04EC0-301F-11D3-BF4B-00C04F79EFBC}") = "NaSchAmpel", "..\NaSchAmpel\NaSchAmpel.csproj", "{A1D4C475-3B01-4229-ACB2-F4BD7299D33A}"
EndProject
Global
	GlobalSection(SolutionConfigurationPlatforms) = preSolution
		Debug|Any CPU = Debug|Any CPU
		Release|Any CPU = Release|Any CPU
	EndGlobalSection
	GlobalSection(ProjectConfigurationPlatforms) = postSolution
		{1F99FE32-E181-48D8-81BE-6A1FA4BE9C6C}.Debug|Any CPU.ActiveCfg = Debug|Any CPU
		{1F99FE32-E181-48D8-81BE-6A1FA4BE9C6C}.Debug|Any CPU.Build.0 = Debug|Any CPU
		{1F99FE32-E181-48D8-81BE-6A1FA4BE9C6C}.Release|Any CPU.ActiveCfg = Release|Any CPU
		{1F99FE32-E181-48D8-81BE-6A1FA4BE9C6C}.Release|Any CPU.Build.0 = Release|Any CPU
		{A1D4C475-3B01-4229-ACB2-F4BD7299D33A}.Debug|Any CPU.ActiveCfg = Debug|Any CPU
		{A1D4C475-3B01-4229-ACB2-F4BD7299D33A}.Debug|Any CPU.Build.0 = Debug|Any CPU
		{A1D4C475-3B01-4229-ACB2-F4BD7299D33A}.Release|Any CPU.ActiveCfg = Release|Any CPU
		{A1D4C475-3B01-4229-ACB2-F4BD7299D33A}.Release|Any CPU.Build.0 = Release|Any CPU
	EndGlobalSection
EndGlobal
